
Microsoft Visual Studio Solution File, Format Version 12.00
# Visual Studio Version 17
VisualStudioVersion = 17.1.32421.90
MinimumVisualStudioVersion = 10.0.40219.1
Project("{FAE04EC0-301F-11D3-BF4B-00C04F79EFBC}") = "DevExtremeAspNetCoreApp1", "DevExtremeAspNetCoreApp1\DevExtremeAspNetCoreApp1.csproj", "{15EC295C-041D-400A-96B2-EE16B0A9B054}"
EndProject
Project("{2150E333-8FDC-42A3-9474-1A3956D46DE8}") = "DevExtreme NuGet.config", "DevExtreme NuGet.config", "{8124202E-234C-48F9-B99B-40907C0EDF35}"
	ProjectSection(SolutionItems) = preProject
		NuGet.config = NuGet.config
	EndProjectSection
EndProject
Global
	GlobalSection(SolutionConfigurationPlatforms) = preSolution
		Debug|Any CPU = Debug|Any CPU
		Release|Any CPU = Release|Any CPU
	EndGlobalSection
	GlobalSection(ProjectConfigurationPlatforms) = postSolution
		{15EC295C-041D-400A-96B2-EE16B0A9B054}.Debug|Any CPU.ActiveCfg = Debug|Any CPU
		{15EC295C-041D-400A-96B2-EE16B0A9B054}.Debug|Any CPU.Build.0 = Debug|Any CPU
		{15EC295C-041D-400A-96B2-EE16B0A9B054}.Release|Any CPU.ActiveCfg = Release|Any CPU
		{15EC295C-041D-400A-96B2-EE16B0A9B054}.Release|Any CPU.Build.0 = Release|Any CPU
	EndGlobalSection
	GlobalSection(SolutionProperties) = preSolution
		HideSolutionNode = FALSE
	EndGlobalSection
	GlobalSection(ExtensibilityGlobals) = postSolution
		SolutionGuid = {E92D099B-D19D-47B6-BA3F-9AE0C3177688}
	EndGlobalSection
EndGlobal
